
Microsoft Visual Studio Solution File, Format Version 12.00
# Visual Studio Version 16
VisualStudioVersion = 16.0.29326.143
MinimumVisualStudioVersion = 10.0.40219.1
Project("{FAE04EC0-301F-11D3-BF4B-00C04F79EFBC}") = "AdminLogIn", "AdminLogIn\AdminLogIn.csproj", "{1A52EC84-E4D1-41B2-A5C6-479F73DA7313}"
EndProject
Global
	GlobalSection(SolutionConfigurationPlatforms) = preSolution
		Debug|Any CPU = Debug|Any CPU
		Release|Any CPU = Release|Any CPU
	EndGlobalSection
	GlobalSection(ProjectConfigurationPlatforms) = postSolution
		{1A52EC84-E4D1-41B2-A5C6-479F73DA7313}.Debug|Any CPU.ActiveCfg = Debug|Any CPU
		{1A52EC84-E4D1-41B2-A5C6-479F73DA7313}.Debug|Any CPU.Build.0 = Debug|Any CPU
		{1A52EC84-E4D1-41B2-A5C6-479F73DA7313}.Release|Any CPU.ActiveCfg = Release|Any CPU
		{1A52EC84-E4D1-41B2-A5C6-479F73DA7313}.Release|Any CPU.Build.0 = Release|Any CPU
	EndGlobalSection
	GlobalSection(SolutionProperties) = preSolution
		HideSolutionNode = FALSE
	EndGlobalSection
	GlobalSection(ExtensibilityGlobals) = postSolution
		SolutionGuid = {1D23E348-EF7B-424C-964D-EF5BEA3B8291}
	EndGlobalSection
EndGlobal
